// !$*UTF8*$!
{
	archiveVersion = 1;
	classes = {
	};
	objectVersion = 46;
	objects = {

/* Begin PBXBuildFile section */
		0B2F52011D9047630032793C /* AppDelegate.swift in Sources */ = {isa = PBXBuildFile; fileRef = 0B2F52001D9047630032793C /* AppDelegate.swift */; };
		0B2F52031D9047630032793C /* ViewController.swift in Sources */ = {isa = PBXBuildFile; fileRef = 0B2F52021D9047630032793C /* ViewController.swift */; };
		0B2F52061D9047630032793C /* Main.storyboard in Resources */ = {isa = PBXBuildFile; fileRef = 0B2F52041D9047630032793C /* Main.storyboard */; };
		0B2F52081D9047630032793C /* Assets.xcassets in Resources */ = {isa = PBXBuildFile; fileRef = 0B2F52071D9047630032793C /* Assets.xcassets */; };
		0B2F520B1D9047630032793C /* LaunchScreen.storyboard in Resources */ = {isa = PBXBuildFile; fileRef = 0B2F52091D9047630032793C /* LaunchScreen.storyboard */; };
		0B2F52131D904A860032793C /* pokemon.csv in Resources */ = {isa = PBXBuildFile; fileRef = 0B2F52121D904A860032793C /* pokemon.csv */; };
		0B2F52161D904BF70032793C /* Pokemon.swift in Sources */ = {isa = PBXBuildFile; fileRef = 0B2F52151D904BF70032793C /* Pokemon.swift */; };
		0B2F52191D90537A0032793C /* PokeCell.swift in Sources */ = {isa = PBXBuildFile; fileRef = 0B2F52181D90537A0032793C /* PokeCell.swift */; };
		0B2F521B1D905BB00032793C /* csv.swift in Sources */ = {isa = PBXBuildFile; fileRef = 0B2F521A1D905BB00032793C /* csv.swift */; };
		0B2F521D1D9060720032793C /* pokemon.ttf in Resources */ = {isa = PBXBuildFile; fileRef = 0B2F521C1D9060720032793C /* pokemon.ttf */; };
		0B2F52221D9063BA0032793C /* music.mp3 in Resources */ = {isa = PBXBuildFile; fileRef = 0B2F52211D9063BA0032793C /* music.mp3 */; };
/* End PBXBuildFile section */

/* Begin PBXFileReference section */
		0B2F51FD1D9047630032793C /* Pokedex.app */ = {isa = PBXFileReference; explicitFileType = wrapper.application; includeInIndex = 0; path = Pokedex.app; sourceTree = BUILT_PRODUCTS_DIR; };
		0B2F52001D9047630032793C /* AppDelegate.swift */ = {isa = PBXFileReference; lastKnownFileType = sourcecode.swift; path = AppDelegate.swift; sourceTree = "<group>"; };
		0B2F52021D9047630032793C /* ViewController.swift */ = {isa = PBXFileReference; lastKnownFileType = sourcecode.swift; path = ViewController.swift; sourceTree = "<group>"; };
		0B2F52051D9047630032793C /* Base */ = {isa = PBXFileReference; lastKnownFileType = file.storyboard; name = Base; path = Base.lproj/Main.storyboard; sourceTree = "<group>"; };
		0B2F52071D9047630032793C /* Assets.xcassets */ = {isa = PBXFileReference; lastKnownFileType = folder.assetcatalog; path = Assets.xcassets; sourceTree = "<group>"; };
		0B2F520A1D9047630032793C /* Base */ = {isa = PBXFileReference; lastKnownFileType = file.storyboard; name = Base; path = Base.lproj/LaunchScreen.storyboard; sourceTree = "<group>"; };
		0B2F520C1D9047630032793C /* Info.plist */ = {isa = PBXFileReference; lastKnownFileType = text.plist.xml; path = Info.plist; sourceTree = "<group>"; };
		0B2F52121D904A860032793C /* pokemon.csv */ = {isa = PBXFileReference; fileEncoding = 4; lastKnownFileType = text; path = pokemon.csv; sourceTree = "<group>"; };
		0B2F52151D904BF70032793C /* Pokemon.swift */ = {isa = PBXFileReference; fileEncoding = 4; lastKnownFileType = sourcecode.swift; path = Pokemon.swift; sourceTree = "<group>"; };
		0B2F52181D90537A0032793C /* PokeCell.swift */ = {isa = PBXFileReference; fileEncoding = 4; lastKnownFileType = sourcecode.swift; path = PokeCell.swift; sourceTree = "<group>"; };
		0B2F521A1D905BB00032793C /* csv.swift */ = {isa = PBXFileReference; fileEncoding = 4; lastKnownFileType = sourcecode.swift; path = csv.swift; sourceTree = "<group>"; };
		0B2F521C1D9060720032793C /* pokemon.ttf */ = {isa = PBXFileReference; lastKnownFileType = file; path = pokemon.ttf; sourceTree = "<group>"; };
		0B2F52211D9063BA0032793C /* music.mp3 */ = {isa = PBXFileReference; lastKnownFileType = audio.mp3; path = music.mp3; sourceTree = "<group>"; };
/* End PBXFileReference section */

/* Begin PBXFrameworksBuildPhase section */
		0B2F51FA1D9047630032793C /* Frameworks */ = {
			isa = PBXFrameworksBuildPhase;
			buildActionMask = 2147483647;
			files = (
			);
			runOnlyForDeploymentPostprocessing = 0;
		};
/* End PBXFrameworksBuildPhase section */

/* Begin PBXGroup section */
		0B2F51F41D9047630032793C = {
			isa = PBXGroup;
			children = (
				0B2F51FF1D9047630032793C /* Pokedex */,
				0B2F51FE1D9047630032793C /* Products */,
			);
			sourceTree = "<group>";
		};
		0B2F51FE1D9047630032793C /* Products */ = {
			isa = PBXGroup;
			children = (
				0B2F51FD1D9047630032793C /* Pokedex.app */,
			);
			name = Products;
			sourceTree = "<group>";
		};
		0B2F51FF1D9047630032793C /* Pokedex */ = {
			isa = PBXGroup;
			children = (
				0B2F521F1D90609A0032793C /* Resources */,
				0B2F52141D904BEC0032793C /* Model */,
				0B2F52171D90535B0032793C /* View */,
				0B2F521E1D9060880032793C /* Controller */,
				0B2F52001D9047630032793C /* AppDelegate.swift */,
				0B2F52201D9060B70032793C /* Util */,
				0B2F52041D9047630032793C /* Main.storyboard */,
				0B2F52071D9047630032793C /* Assets.xcassets */,
				0B2F52091D9047630032793C /* LaunchScreen.storyboard */,
				0B2F520C1D9047630032793C /* Info.plist */,
			);
			path = Pokedex;
			sourceTree = "<group>";
		};
		0B2F52141D904BEC0032793C /* Model */ = {
			isa = PBXGroup;
			children = (
				0B2F52151D904BF70032793C /* Pokemon.swift */,
			);
			name = Model;
			sourceTree = "<group>";
		};
		0B2F52171D90535B0032793C /* View */ = {
			isa = PBXGroup;
			children = (
				0B2F52181D90537A0032793C /* PokeCell.swift */,
			);
			name = View;
			sourceTree = "<group>";
		};
		0B2F521E1D9060880032793C /* Controller */ = {
			isa = PBXGroup;
			children = (
				0B2F52021D9047630032793C /* ViewController.swift */,
			);
			name = Controller;
			sourceTree = "<group>";
		};
		0B2F521F1D90609A0032793C /* Resources */ = {
			isa = PBXGroup;
			children = (
				0B2F52211D9063BA0032793C /* music.mp3 */,
				0B2F521C1D9060720032793C /* pokemon.ttf */,
				0B2F52121D904A860032793C /* pokemon.csv */,
			);
			name = Resources;
			sourceTree = "<group>";
		};
		0B2F52201D9060B70032793C /* Util */ = {
			isa = PBXGroup;
			children = (
				0B2F521A1D905BB00032793C /* csv.swift */,
			);
			name = Util;
			sourceTree = "<group>";
		};
/* End PBXGroup section */

/* Begin PBXNativeTarget section */
		0B2F51FC1D9047630032793C /* Pokedex */ = {
			isa = PBXNativeTarget;
			buildConfigurationList = 0B2F520F1D9047630032793C /* Build configuration list for PBXNativeTarget "Pokedex" */;
			buildPhases = (
				0B2F51F91D9047630032793C /* Sources */,
				0B2F51FA1D9047630032793C /* Frameworks */,
				0B2F51FB1D9047630032793C /* Resources */,
			);
			buildRules = (
			);
			dependencies = (
			);
			name = Pokedex;
			productName = Pokedex;
			productReference = 0B2F51FD1D9047630032793C /* Pokedex.app */;
			productType = "com.apple.product-type.application";
		};
/* End PBXNativeTarget section */

/* Begin PBXProject section */
		0B2F51F51D9047630032793C /* Project object */ = {
			isa = PBXProject;
			attributes = {
				LastSwiftUpdateCheck = 0800;
				LastUpgradeCheck = 0800;
				ORGANIZATIONNAME = "Cody Condon";
				TargetAttributes = {
					0B2F51FC1D9047630032793C = {
						CreatedOnToolsVersion = 8.0;
						LastSwiftMigration = 0800;
						ProvisioningStyle = Automatic;
					};
				};
			};
			buildConfigurationList = 0B2F51F81D9047630032793C /* Build configuration list for PBXProject "Pokedex" */;
			compatibilityVersion = "Xcode 3.2";
			developmentRegion = English;
			hasScannedForEncodings = 0;
			knownRegions = (
				en,
				Base,
			);
			mainGroup = 0B2F51F41D9047630032793C;
			productRefGroup = 0B2F51FE1D9047630032793C /* Products */;
			projectDirPath = "";
			projectRoot = "";
			targets = (
				0B2F51FC1D9047630032793C /* Pokedex */,
			);
		};
/* End PBXProject section */

/* Begin PBXResourcesBuildPhase section */
		0B2F51FB1D9047630032793C /* Resources */ = {
			isa = PBXResourcesBuildPhase;
			buildActionMask = 2147483647;
			files = (
				0B2F521D1D9060720032793C /* pokemon.ttf in Resources */,
				0B2F520B1D9047630032793C /* LaunchScreen.storyboard in Resources */,
				0B2F52221D9063BA0032793C /* music.mp3 in Resources */,
				0B2F52081D9047630032793C /* Assets.xcassets in Resources */,
				0B2F52131D904A860032793C /* pokemon.csv in Resources */,
				0B2F52061D9047630032793C /* Main.storyboard in Resources */,
			);
			runOnlyForDeploymentPostprocessing = 0;
		};
/* End PBXResourcesBuildPhase section */

/* Begin PBXSourcesBuildPhase section */
		0B2F51F91D9047630032793C /* Sources */ = {
			isa = PBXSourcesBuildPhase;
			buildActionMask = 2147483647;
			files = (
				0B2F52191D90537A0032793C /* PokeCell.swift in Sources */,
				0B2F52031D9047630032793C /* ViewController.swift in Sources */,
				0B2F52011D9047630032793C /* AppDelegate.swift in Sources */,
				0B2F52161D904BF70032793C /* Pokemon.swift in Sources */,
				0B2F521B1D905BB00032793C /* csv.swift in Sources */,
			);
			runOnlyForDeploymentPostprocessing = 0;
		};
/* End PBXSourcesBuildPhase section */

/* Begin PBXVariantGroup section */
		0B2F52041D9047630032793C /* Main.storyboard */ = {
			isa = PBXVariantGroup;
			children = (
				0B2F52051D9047630032793C /* Base */,
			);
			name = Main.storyboard;
			sourceTree = "<group>";
		};
		0B2F52091D9047630032793C /* LaunchScreen.storyboard */ = {
			isa = PBXVariantGroup;
			children = (
				0B2F520A1D9047630032793C /* Base */,
			);
			name = LaunchScreen.storyboard;
			sourceTree = "<group>";
		};
/* End PBXVariantGroup section */

/* Begin XCBuildConfiguration section */
		0B2F520D1D9047630032793C /* Debug */ = {
			isa = XCBuildConfiguration;
			buildSettings = {
				ALWAYS_SEARCH_USER_PATHS = NO;
				CLANG_ANALYZER_NONNULL = YES;
				CLANG_CXX_LANGUAGE_STANDARD = "gnu++0x";
				CLANG_CXX_LIBRARY = "libc++";
				CLANG_ENABLE_MODULES = YES;
				CLANG_ENABLE_OBJC_ARC = YES;
				CLANG_WARN_BOOL_CONVERSION = YES;
				CLANG_WARN_CONSTANT_CONVERSION = YES;
				CLANG_WARN_DIRECT_OBJC_ISA_USAGE = YES_ERROR;
				CLANG_WARN_DOCUMENTATION_COMMENTS = YES;
				CLANG_WARN_EMPTY_BODY = YES;
				CLANG_WARN_ENUM_CONVERSION = YES;
				CLANG_WARN_INFINITE_RECURSION = YES;
				CLANG_WARN_INT_CONVERSION = YES;
				CLANG_WARN_OBJC_ROOT_CLASS = YES_ERROR;
				CLANG_WARN_SUSPICIOUS_MOVES = YES;
				CLANG_WARN_UNREACHABLE_CODE = YES;
				CLANG_WARN__DUPLICATE_METHOD_MATCH = YES;
				"CODE_SIGN_IDENTITY[sdk=iphoneos*]" = "iPhone Developer";
				COPY_PHASE_STRIP = NO;
				DEBUG_INFORMATION_FORMAT = dwarf;
				ENABLE_STRICT_OBJC_MSGSEND = YES;
				ENABLE_TESTABILITY = YES;
				GCC_C_LANGUAGE_STANDARD = gnu99;
				GCC_DYNAMIC_NO_PIC = NO;
				GCC_NO_COMMON_BLOCKS = YES;
				GCC_OPTIMIZATION_LEVEL = 0;
				GCC_PREPROCESSOR_DEFINITIONS = (
					"DEBUG=1",
					"$(inherited)",
				);
				GCC_WARN_64_TO_32_BIT_CONVERSION = YES;
				GCC_WARN_ABOUT_RETURN_TYPE = YES_ERROR;
				GCC_WARN_UNDECLARED_SELECTOR = YES;
				GCC_WARN_UNINITIALIZED_AUTOS = YES_AGGRESSIVE;
				GCC_WARN_UNUSED_FUNCTION = YES;
				GCC_WARN_UNUSED_VARIABLE = YES;
				IPHONEOS_DEPLOYMENT_TARGET = 10.0;
				MTL_ENABLE_DEBUG_INFO = YES;
				ONLY_ACTIVE_ARCH = YES;
				SDKROOT = iphoneos;
				SWIFT_ACTIVE_COMPILATION_CONDITIONS = DEBUG;
				SWIFT_OPTIMIZATION_LEVEL = "-Onone";
			};
			name = Debug;
		};
		0B2F520E1D9047630032793C /* Release */ = {
			isa = XCBuildConfiguration;
			buildSettings = {
				ALWAYS_SEARCH_USER_PATHS = NO;
				CLANG_ANALYZER_NONNULL = YES;
				CLANG_CXX_LANGUAGE_STANDARD = "gnu++0x";
				CLANG_CXX_LIBRARY = "libc++";
				CLANG_ENABLE_MODULES = YES;
				CLANG_ENABLE_OBJC_ARC = YES;
				CLANG_WARN_BOOL_CONVERSION = YES;
				CLANG_WARN_CONSTANT_CONVERSION = YES;
				CLANG_WARN_DIRECT_OBJC_ISA_USAGE = YES_ERROR;
				CLANG_WARN_DOCUMENTATION_COMMENTS = YES;
				CLANG_WARN_EMPTY_BODY = YES;
				CLANG_WARN_ENUM_CONVERSION = YES;
				CLANG_WARN_INFINITE_RECURSION = YES;
				CLANG_WARN_INT_CONVERSION = YES;
				CLANG_WARN_OBJC_ROOT_CLASS = YES_ERROR;
				CLANG_WARN_SUSPICIOUS_MOVES = YES;
				CLANG_WARN_UNREACHABLE_CODE = YES;
				CLANG_WARN__DUPLICATE_METHOD_MATCH = YES;
				"CODE_SIGN_IDENTITY[sdk=iphoneos*]" = "iPhone Developer";
				COPY_PHASE_STRIP = NO;
				DEBUG_INFORMATION_FORMAT = "dwarf-with-dsym";
				ENABLE_NS_ASSERTIONS = NO;
				ENABLE_STRICT_OBJC_MSGSEND = YES;
				GCC_C_LANGUAGE_STANDARD = gnu99;
				GCC_NO_COMMON_BLOCKS = YES;
				GCC_WARN_64_TO_32_BIT_CONVERSION = YES;
				GCC_WARN_ABOUT_RETURN_TYPE = YES_ERROR;
				GCC_WARN_UNDECLARED_SELECTOR = YES;
				GCC_WARN_UNINITIALIZED_AUTOS = YES_AGGRESSIVE;
				GCC_WARN_UNUSED_FUNCTION = YES;
				GCC_WARN_UNUSED_VARIABLE = YES;
				IPHONEOS_DEPLOYMENT_TARGET = 10.0;
				MTL_ENABLE_DEBUG_INFO = NO;
				SDKROOT = iphoneos;
				SWIFT_OPTIMIZATION_LEVEL = "-Owholemodule";
				VALIDATE_PRODUCT = YES;
			};
			name = Release;
		};
		0B2F52101D9047630032793C /* Debug */ = {
			isa = XCBuildConfiguration;
			buildSettings = {
				ASSETCATALOG_COMPILER_APPICON_NAME = AppIcon;
				INFOPLIST_FILE = Pokedex/Info.plist;
				LD_RUNPATH_SEARCH_PATHS = "$(inherited) @executable_path/Frameworks";
				PRODUCT_BUNDLE_IDENTIFIER = com.codycondon.Pokedex;
				PRODUCT_NAME = "$(TARGET_NAME)";
				SWIFT_VERSION = 3.0;
			};
			name = Debug;
		};
		0B2F52111D9047630032793C /* Release */ = {
			isa = XCBuildConfiguration;
			buildSettings = {
				ASSETCATALOG_COMPILER_APPICON_NAME = AppIcon;
				INFOPLIST_FILE = Pokedex/Info.plist;
				LD_RUNPATH_SEARCH_PATHS = "$(inherited) @executable_path/Frameworks";
				PRODUCT_BUNDLE_IDENTIFIER = com.codycondon.Pokedex;
				PRODUCT_NAME = "$(TARGET_NAME)";
				SWIFT_VERSION = 3.0;
			};
			name = Release;
		};
/* End XCBuildConfiguration section */

/* Begin XCConfigurationList section */
		0B2F51F81D9047630032793C /* Build configuration list for PBXProject "Pokedex" */ = {
			isa = XCConfigurationList;
			buildConfigurations = (
				0B2F520D1D9047630032793C /* Debug */,
				0B2F520E1D9047630032793C /* Release */,
			);
			defaultConfigurationIsVisible = 0;
			defaultConfigurationName = Release;
		};
		0B2F520F1D9047630032793C /* Build configuration list for PBXNativeTarget "Pokedex" */ = {
			isa = XCConfigurationList;
			buildConfigurations = (
				0B2F52101D9047630032793C /* Debug */,
				0B2F52111D9047630032793C /* Release */,
			);
			defaultConfigurationIsVisible = 0;
		};
/* End XCConfigurationList section */
	};
	rootObject = 0B2F51F51D9047630032793C /* Project object */;
}
